// !$*UTF8*$!
{
	archiveVersion = 1;
	classes = {
	};
	objectVersion = 50;
	objects = {

/* Begin PBXBuildFile section */
		2075510A25143DDA0072109C /* AppDelegate.swift in Sources */ = {isa = PBXBuildFile; fileRef = 2075510925143DDA0072109C /* AppDelegate.swift */; };
		2075510C25143DDA0072109C /* SceneDelegate.swift in Sources */ = {isa = PBXBuildFile; fileRef = 2075510B25143DDA0072109C /* SceneDelegate.swift */; };
		2075510E25143DDA0072109C /* ViewController.swift in Sources */ = {isa = PBXBuildFile; fileRef = 2075510D25143DDA0072109C /* ViewController.swift */; };
		2075511125143DDA0072109C /* Main.storyboard in Resources */ = {isa = PBXBuildFile; fileRef = 2075510F25143DDA0072109C /* Main.storyboard */; };
		2075511325143DDD0072109C /* Assets.xcassets in Resources */ = {isa = PBXBuildFile; fileRef = 2075511225143DDD0072109C /* Assets.xcassets */; };
		2075511625143DDD0072109C /* LaunchScreen.storyboard in Resources */ = {isa = PBXBuildFile; fileRef = 2075511425143DDD0072109C /* LaunchScreen.storyboard */; };
		2075512125143DDD0072109C /* SimpleAppTests.swift in Sources */ = {isa = PBXBuildFile; fileRef = 2075512025143DDD0072109C /* SimpleAppTests.swift */; };
		2075512C25143DDD0072109C /* SimpleAppUITests.swift in Sources */ = {isa = PBXBuildFile; fileRef = 2075512B25143DDD0072109C /* SimpleAppUITests.swift */; };
/* End PBXBuildFile section */

/* Begin PBXContainerItemProxy section */
		2075511D25143DDD0072109C /* PBXContainerItemProxy */ = {
			isa = PBXContainerItemProxy;
			containerPortal = 207550FE25143DDA0072109C /* Project object */;
			proxyType = 1;
			remoteGlobalIDString = 2075510525143DDA0072109C;
			remoteInfo = SimpleApp;
		};
		2075512825143DDD0072109C /* PBXContainerItemProxy */ = {
			isa = PBXContainerItemProxy;
			containerPortal = 207550FE25143DDA0072109C /* Project object */;
			proxyType = 1;
			remoteGlobalIDString = 2075510525143DDA0072109C;
			remoteInfo = SimpleApp;
		};
/* End PBXContainerItemProxy section */

/* Begin PBXFileReference section */
		2075510625143DDA0072109C /* SimpleApp.app */ = {isa = PBXFileReference; explicitFileType = wrapper.application; includeInIndex = 0; path = SimpleApp.app; sourceTree = BUILT_PRODUCTS_DIR; };
		2075510925143DDA0072109C /* AppDelegate.swift */ = {isa = PBXFileReference; lastKnownFileType = sourcecode.swift; path = AppDelegate.swift; sourceTree = "<group>"; };
		2075510B25143DDA0072109C /* SceneDelegate.swift */ = {isa = PBXFileReference; lastKnownFileType = sourcecode.swift; path = SceneDelegate.swift; sourceTree = "<group>"; };
		2075510D25143DDA0072109C /* ViewController.swift */ = {isa = PBXFileReference; lastKnownFileType = sourcecode.swift; path = ViewController.swift; sourceTree = "<group>"; };
		2075511025143DDA0072109C /* Base */ = {isa = PBXFileReference; lastKnownFileType = file.storyboard; name = Base; path = Base.lproj/Main.storyboard; sourceTree = "<group>"; };
		2075511225143DDD0072109C /* Assets.xcassets */ = {isa = PBXFileReference; lastKnownFileType = folder.assetcatalog; path = Assets.xcassets; sourceTree = "<group>"; };
		2075511525143DDD0072109C /* Base */ = {isa = PBXFileReference; lastKnownFileType = file.storyboard; name = Base; path = Base.lproj/LaunchScreen.storyboard; sourceTree = "<group>"; };
		2075511725143DDD0072109C /* Info.plist */ = {isa = PBXFileReference; lastKnownFileType = text.plist.xml; path = Info.plist; sourceTree = "<group>"; };
		2075511C25143DDD0072109C /* SimpleAppTests.xctest */ = {isa = PBXFileReference; explicitFileType = wrapper.cfbundle; includeInIndex = 0; path = SimpleAppTests.xctest; sourceTree = BUILT_PRODUCTS_DIR; };
		2075512025143DDD0072109C /* SimpleAppTests.swift */ = {isa = PBXFileReference; lastKnownFileType = sourcecode.swift; path = SimpleAppTests.swift; sourceTree = "<group>"; };
		2075512225143DDD0072109C /* Info.plist */ = {isa = PBXFileReference; lastKnownFileType = text.plist.xml; path = Info.plist; sourceTree = "<group>"; };
		2075512725143DDD0072109C /* SimpleAppUITests.xctest */ = {isa = PBXFileReference; explicitFileType = wrapper.cfbundle; includeInIndex = 0; path = SimpleAppUITests.xctest; sourceTree = BUILT_PRODUCTS_DIR; };
		2075512B25143DDD0072109C /* SimpleAppUITests.swift */ = {isa = PBXFileReference; lastKnownFileType = sourcecode.swift; path = SimpleAppUITests.swift; sourceTree = "<group>"; };
		2075512D25143DDD0072109C /* Info.plist */ = {isa = PBXFileReference; lastKnownFileType = text.plist.xml; path = Info.plist; sourceTree = "<group>"; };
/* End PBXFileReference section */

/* Begin PBXFrameworksBuildPhase section */
		2075510325143DDA0072109C /* Frameworks */ = {
			isa = PBXFrameworksBuildPhase;
			buildActionMask = 2147483647;
			files = (
			);
			runOnlyForDeploymentPostprocessing = 0;
		};
		2075511925143DDD0072109C /* Frameworks */ = {
			isa = PBXFrameworksBuildPhase;
			buildActionMask = 2147483647;
			files = (
			);
			runOnlyForDeploymentPostprocessing = 0;
		};
		2075512425143DDD0072109C /* Frameworks */ = {
			isa = PBXFrameworksBuildPhase;
			buildActionMask = 2147483647;
			files = (
			);
			runOnlyForDeploymentPostprocessing = 0;
		};
/* End PBXFrameworksBuildPhase section */

/* Begin PBXGroup section */
		207550FD25143DDA0072109C = {
			isa = PBXGroup;
			children = (
				2075510825143DDA0072109C /* SimpleApp */,
				2075511F25143DDD0072109C /* SimpleAppTests */,
				2075512A25143DDD0072109C /* SimpleAppUITests */,
				2075510725143DDA0072109C /* Products */,
			);
			sourceTree = "<group>";
		};
		2075510725143DDA0072109C /* Products */ = {
			isa = PBXGroup;
			children = (
				2075510625143DDA0072109C /* SimpleApp.app */,
				2075511C25143DDD0072109C /* SimpleAppTests.xctest */,
				2075512725143DDD0072109C /* SimpleAppUITests.xctest */,
			);
			name = Products;
			sourceTree = "<group>";
		};
		2075510825143DDA0072109C /* SimpleApp */ = {
			isa = PBXGroup;
			children = (
				2075510925143DDA0072109C /* AppDelegate.swift */,
				2075510B25143DDA0072109C /* SceneDelegate.swift */,
				2075510D25143DDA0072109C /* ViewController.swift */,
				2075510F25143DDA0072109C /* Main.storyboard */,
				2075511225143DDD0072109C /* Assets.xcassets */,
				2075511425143DDD0072109C /* LaunchScreen.storyboard */,
				2075511725143DDD0072109C /* Info.plist */,
			);
			path = SimpleApp;
			sourceTree = "<group>";
		};
		2075511F25143DDD0072109C /* SimpleAppTests */ = {
			isa = PBXGroup;
			children = (
				2075512025143DDD0072109C /* SimpleAppTests.swift */,
				2075512225143DDD0072109C /* Info.plist */,
			);
			path = SimpleAppTests;
			sourceTree = "<group>";
		};
		2075512A25143DDD0072109C /* SimpleAppUITests */ = {
			isa = PBXGroup;
			children = (
				2075512B25143DDD0072109C /* SimpleAppUITests.swift */,
				2075512D25143DDD0072109C /* Info.plist */,
			);
			path = SimpleAppUITests;
			sourceTree = "<group>";
		};
/* End PBXGroup section */

/* Begin PBXNativeTarget section */
		2075510525143DDA0072109C /* SimpleApp */ = {
			isa = PBXNativeTarget;
			buildConfigurationList = 2075513025143DDD0072109C /* Build configuration list for PBXNativeTarget "SimpleApp" */;
			buildPhases = (
				2075510225143DDA0072109C /* Sources */,
				2075510325143DDA0072109C /* Frameworks */,
				2075510425143DDA0072109C /* Resources */,
			);
			buildRules = (
			);
			dependencies = (
			);
			name = SimpleApp;
			productName = SimpleApp;
			productReference = 2075510625143DDA0072109C /* SimpleApp.app */;
			productType = "com.apple.product-type.application";
		};
		2075511B25143DDD0072109C /* SimpleAppTests */ = {
			isa = PBXNativeTarget;
			buildConfigurationList = 2075513325143DDD0072109C /* Build configuration list for PBXNativeTarget "SimpleAppTests" */;
			buildPhases = (
				2075511825143DDD0072109C /* Sources */,
				2075511925143DDD0072109C /* Frameworks */,
				2075511A25143DDD0072109C /* Resources */,
			);
			buildRules = (
			);
			dependencies = (
				2075511E25143DDD0072109C /* PBXTargetDependency */,
			);
			name = SimpleAppTests;
			productName = SimpleAppTests;
			productReference = 2075511C25143DDD0072109C /* SimpleAppTests.xctest */;
			productType = "com.apple.product-type.bundle.unit-test";
		};
		2075512625143DDD0072109C /* SimpleAppUITests */ = {
			isa = PBXNativeTarget;
			buildConfigurationList = 2075513625143DDD0072109C /* Build configuration list for PBXNativeTarget "SimpleAppUITests" */;
			buildPhases = (
				2075512325143DDD0072109C /* Sources */,
				2075512425143DDD0072109C /* Frameworks */,
				2075512525143DDD0072109C /* Resources */,
			);
			buildRules = (
			);
			dependencies = (
				2075512925143DDD0072109C /* PBXTargetDependency */,
			);
			name = SimpleAppUITests;
			productName = SimpleAppUITests;
			productReference = 2075512725143DDD0072109C /* SimpleAppUITests.xctest */;
			productType = "com.apple.product-type.bundle.ui-testing";
		};
/* End PBXNativeTarget section */

/* Begin PBXProject section */
		207550FE25143DDA0072109C /* Project object */ = {
			isa = PBXProject;
			attributes = {
				LastSwiftUpdateCheck = 1200;
				LastUpgradeCheck = 1200;
				TargetAttributes = {
					2075510525143DDA0072109C = {
						CreatedOnToolsVersion = 12.0;
					};
					2075511B25143DDD0072109C = {
						CreatedOnToolsVersion = 12.0;
						TestTargetID = 2075510525143DDA0072109C;
					};
					2075512625143DDD0072109C = {
						CreatedOnToolsVersion = 12.0;
						TestTargetID = 2075510525143DDA0072109C;
					};
				};
			};
			buildConfigurationList = 2075510125143DDA0072109C /* Build configuration list for PBXProject "SimpleApp" */;
			compatibilityVersion = "Xcode 9.3";
			developmentRegion = en;
			hasScannedForEncodings = 0;
			knownRegions = (
				en,
				Base,
			);
			mainGroup = 207550FD25143DDA0072109C;
			productRefGroup = 2075510725143DDA0072109C /* Products */;
			projectDirPath = "";
			projectRoot = "";
			targets = (
				2075510525143DDA0072109C /* SimpleApp */,
				2075511B25143DDD0072109C /* SimpleAppTests */,
				2075512625143DDD0072109C /* SimpleAppUITests */,
			);
		};
/* End PBXProject section */

/* Begin PBXResourcesBuildPhase section */
		2075510425143DDA0072109C /* Resources */ = {
			isa = PBXResourcesBuildPhase;
			buildActionMask = 2147483647;
			files = (
				2075511625143DDD0072109C /* LaunchScreen.storyboard in Resources */,
				2075511325143DDD0072109C /* Assets.xcassets in Resources */,
				2075511125143DDA0072109C /* Main.storyboard in Resources */,
			);
			runOnlyForDeploymentPostprocessing = 0;
		};
		2075511A25143DDD0072109C /* Resources */ = {
			isa = PBXResourcesBuildPhase;
			buildActionMask = 2147483647;
			files = (
			);
			runOnlyForDeploymentPostprocessing = 0;
		};
		2075512525143DDD0072109C /* Resources */ = {
			isa = PBXResourcesBuildPhase;
			buildActionMask = 2147483647;
			files = (
			);
			runOnlyForDeploymentPostprocessing = 0;
		};
/* End PBXResourcesBuildPhase section */

/* Begin PBXSourcesBuildPhase section */
		2075510225143DDA0072109C /* Sources */ = {
			isa = PBXSourcesBuildPhase;
			buildActionMask = 2147483647;
			files = (
				2075510E25143DDA0072109C /* ViewController.swift in Sources */,
				2075510A25143DDA0072109C /* AppDelegate.swift in Sources */,
				2075510C25143DDA0072109C /* SceneDelegate.swift in Sources */,
			);
			runOnlyForDeploymentPostprocessing = 0;
		};
		2075511825143DDD0072109C /* Sources */ = {
			isa = PBXSourcesBuildPhase;
			buildActionMask = 2147483647;
			files = (
				2075512125143DDD0072109C /* SimpleAppTests.swift in Sources */,
			);
			runOnlyForDeploymentPostprocessing = 0;
		};
		2075512325143DDD0072109C /* Sources */ = {
			isa = PBXSourcesBuildPhase;
			buildActionMask = 2147483647;
			files = (
				2075512C25143DDD0072109C /* SimpleAppUITests.swift in Sources */,
			);
			runOnlyForDeploymentPostprocessing = 0;
		};
/* End PBXSourcesBuildPhase section */

/* Begin PBXTargetDependency section */
		2075511E25143DDD0072109C /* PBXTargetDependency */ = {
			isa = PBXTargetDependency;
			target = 2075510525143DDA0072109C /* SimpleApp */;
			targetProxy = 2075511D25143DDD0072109C /* PBXContainerItemProxy */;
		};
		2075512925143DDD0072109C /* PBXTargetDependency */ = {
			isa = PBXTargetDependency;
			target = 2075510525143DDA0072109C /* SimpleApp */;
			targetProxy = 2075512825143DDD0072109C /* PBXContainerItemProxy */;
		};
/* End PBXTargetDependency section */

/* Begin PBXVariantGroup section */
		2075510F25143DDA0072109C /* Main.storyboard */ = {
			isa = PBXVariantGroup;
			children = (
				2075511025143DDA0072109C /* Base */,
			);
			name = Main.storyboard;
			sourceTree = "<group>";
		};
		2075511425143DDD0072109C /* LaunchScreen.storyboard */ = {
			isa = PBXVariantGroup;
			children = (
				2075511525143DDD0072109C /* Base */,
			);
			name = LaunchScreen.storyboard;
			sourceTree = "<group>";
		};
/* End PBXVariantGroup section */

/* Begin XCBuildConfiguration section */
		2075512E25143DDD0072109C /* Debug */ = {
			isa = XCBuildConfiguration;
			buildSettings = {
				ALWAYS_SEARCH_USER_PATHS = NO;
				CLANG_ANALYZER_NONNULL = YES;
				CLANG_ANALYZER_NUMBER_OBJECT_CONVERSION = YES_AGGRESSIVE;
				CLANG_CXX_LANGUAGE_STANDARD = "gnu++14";
				CLANG_CXX_LIBRARY = "libc++";
				CLANG_ENABLE_MODULES = YES;
				CLANG_ENABLE_OBJC_ARC = YES;
				CLANG_ENABLE_OBJC_WEAK = YES;
				CLANG_WARN_BLOCK_CAPTURE_AUTORELEASING = YES;
				CLANG_WARN_BOOL_CONVERSION = YES;
				CLANG_WARN_COMMA = YES;
				CLANG_WARN_CONSTANT_CONVERSION = YES;
				CLANG_WARN_DEPRECATED_OBJC_IMPLEMENTATIONS = YES;
				CLANG_WARN_DIRECT_OBJC_ISA_USAGE = YES_ERROR;
				CLANG_WARN_DOCUMENTATION_COMMENTS = YES;
				CLANG_WARN_EMPTY_BODY = YES;
				CLANG_WARN_ENUM_CONVERSION = YES;
				CLANG_WARN_INFINITE_RECURSION = YES;
				CLANG_WARN_INT_CONVERSION = YES;
				CLANG_WARN_NON_LITERAL_NULL_CONVERSION = YES;
				CLANG_WARN_OBJC_IMPLICIT_RETAIN_SELF = YES;
				CLANG_WARN_OBJC_LITERAL_CONVERSION = YES;
				CLANG_WARN_OBJC_ROOT_CLASS = YES_ERROR;
				CLANG_WARN_QUOTED_INCLUDE_IN_FRAMEWORK_HEADER = YES;
				CLANG_WARN_RANGE_LOOP_ANALYSIS = YES;
				CLANG_WARN_STRICT_PROTOTYPES = YES;
				CLANG_WARN_SUSPICIOUS_MOVE = YES;
				CLANG_WARN_UNGUARDED_AVAILABILITY = YES_AGGRESSIVE;
				CLANG_WARN_UNREACHABLE_CODE = YES;
				CLANG_WARN__DUPLICATE_METHOD_MATCH = YES;
				COPY_PHASE_STRIP = NO;
				DEBUG_INFORMATION_FORMAT = dwarf;
				ENABLE_STRICT_OBJC_MSGSEND = YES;
				ENABLE_TESTABILITY = YES;
				GCC_C_LANGUAGE_STANDARD = gnu11;
				GCC_DYNAMIC_NO_PIC = NO;
				GCC_NO_COMMON_BLOCKS = YES;
				GCC_OPTIMIZATION_LEVEL = 0;
				GCC_PREPROCESSOR_DEFINITIONS = (
					"DEBUG=1",
					"$(inherited)",
				);
				GCC_WARN_64_TO_32_BIT_CONVERSION = YES;
				GCC_WARN_ABOUT_RETURN_TYPE = YES_ERROR;
				GCC_WARN_UNDECLARED_SELECTOR = YES;
				GCC_WARN_UNINITIALIZED_AUTOS = YES_AGGRESSIVE;
				GCC_WARN_UNUSED_FUNCTION = YES;
				GCC_WARN_UNUSED_VARIABLE = YES;
				IPHONEOS_DEPLOYMENT_TARGET = 14.0;
				MTL_ENABLE_DEBUG_INFO = INCLUDE_SOURCE;
				MTL_FAST_MATH = YES;
				ONLY_ACTIVE_ARCH = YES;
				SDKROOT = iphoneos;
				SWIFT_ACTIVE_COMPILATION_CONDITIONS = DEBUG;
				SWIFT_OPTIMIZATION_LEVEL = "-Onone";
			};
			name = Debug;
		};
		2075512F25143DDD0072109C /* Release */ = {
			isa = XCBuildConfiguration;
			buildSettings = {
				ALWAYS_SEARCH_USER_PATHS = NO;
				CLANG_ANALYZER_NONNULL = YES;
				CLANG_ANALYZER_NUMBER_OBJECT_CONVERSION = YES_AGGRESSIVE;
				CLANG_CXX_LANGUAGE_STANDARD = "gnu++14";
				CLANG_CXX_LIBRARY = "libc++";
				CLANG_ENABLE_MODULES = YES;
				CLANG_ENABLE_OBJC_ARC = YES;
				CLANG_ENABLE_OBJC_WEAK = YES;
				CLANG_WARN_BLOCK_CAPTURE_AUTORELEASING = YES;
				CLANG_WARN_BOOL_CONVERSION = YES;
				CLANG_WARN_COMMA = YES;
				CLANG_WARN_CONSTANT_CONVERSION = YES;
				CLANG_WARN_DEPRECATED_OBJC_IMPLEMENTATIONS = YES;
				CLANG_WARN_DIRECT_OBJC_ISA_USAGE = YES_ERROR;
				CLANG_WARN_DOCUMENTATION_COMMENTS = YES;
				CLANG_WARN_EMPTY_BODY = YES;
				CLANG_WARN_ENUM_CONVERSION = YES;
				CLANG_WARN_INFINITE_RECURSION = YES;
				CLANG_WARN_INT_CONVERSION = YES;
				CLANG_WARN_NON_LITERAL_NULL_CONVERSION = YES;
				CLANG_WARN_OBJC_IMPLICIT_RETAIN_SELF = YES;
				CLANG_WARN_OBJC_LITERAL_CONVERSION = YES;
				CLANG_WARN_OBJC_ROOT_CLASS = YES_ERROR;
				CLANG_WARN_QUOTED_INCLUDE_IN_FRAMEWORK_HEADER = YES;
				CLANG_WARN_RANGE_LOOP_ANALYSIS = YES;
				CLANG_WARN_STRICT_PROTOTYPES = YES;
				CLANG_WARN_SUSPICIOUS_MOVE = YES;
				CLANG_WARN_UNGUARDED_AVAILABILITY = YES_AGGRESSIVE;
				CLANG_WARN_UNREACHABLE_CODE = YES;
				CLANG_WARN__DUPLICATE_METHOD_MATCH = YES;
				COPY_PHASE_STRIP = NO;
				DEBUG_INFORMATION_FORMAT = "dwarf-with-dsym";
				ENABLE_NS_ASSERTIONS = NO;
				ENABLE_STRICT_OBJC_MSGSEND = YES;
				GCC_C_LANGUAGE_STANDARD = gnu11;
				GCC_NO_COMMON_BLOCKS = YES;
				GCC_WARN_64_TO_32_BIT_CONVERSION = YES;
				GCC_WARN_ABOUT_RETURN_TYPE = YES_ERROR;
				GCC_WARN_UNDECLARED_SELECTOR = YES;
				GCC_WARN_UNINITIALIZED_AUTOS = YES_AGGRESSIVE;
				GCC_WARN_UNUSED_FUNCTION = YES;
				GCC_WARN_UNUSED_VARIABLE = YES;
				IPHONEOS_DEPLOYMENT_TARGET = 14.0;
				MTL_ENABLE_DEBUG_INFO = NO;
				MTL_FAST_MATH = YES;
				SDKROOT = iphoneos;
				SWIFT_COMPILATION_MODE = wholemodule;
				SWIFT_OPTIMIZATION_LEVEL = "-O";
				VALIDATE_PRODUCT = YES;
			};
			name = Release;
		};
		2075513125143DDD0072109C /* Debug */ = {
			isa = XCBuildConfiguration;
			buildSettings = {
				ASSETCATALOG_COMPILER_APPICON_NAME = AppIcon;
				ASSETCATALOG_COMPILER_GLOBAL_ACCENT_COLOR_NAME = AccentColor;
				CODE_SIGN_STYLE = Automatic;
				DEVELOPMENT_TEAM = 4W449U649N;
				INFOPLIST_FILE = SimpleApp/Info.plist;
				LD_RUNPATH_SEARCH_PATHS = (
					"$(inherited)",
					"@executable_path/Frameworks",
				);
				PRODUCT_BUNDLE_IDENTIFIER = com.eleanorpeng.SimpleApp;
				PRODUCT_NAME = "$(TARGET_NAME)";
				SWIFT_VERSION = 5.0;
				TARGETED_DEVICE_FAMILY = "1,2";
			};
			name = Debug;
		};
		2075513225143DDD0072109C /* Release */ = {
			isa = XCBuildConfiguration;
			buildSettings = {
				ASSETCATALOG_COMPILER_APPICON_NAME = AppIcon;
				ASSETCATALOG_COMPILER_GLOBAL_ACCENT_COLOR_NAME = AccentColor;
				CODE_SIGN_STYLE = Automatic;
				DEVELOPMENT_TEAM = 4W449U649N;
				INFOPLIST_FILE = SimpleApp/Info.plist;
				LD_RUNPATH_SEARCH_PATHS = (
					"$(inherited)",
					"@executable_path/Frameworks",
				);
				PRODUCT_BUNDLE_IDENTIFIER = com.eleanorpeng.SimpleApp;
				PRODUCT_NAME = "$(TARGET_NAME)";
				SWIFT_VERSION = 5.0;
				TARGETED_DEVICE_FAMILY = "1,2";
			};
			name = Release;
		};
		2075513425143DDD0072109C /* Debug */ = {
			isa = XCBuildConfiguration;
			buildSettings = {
				ALWAYS_EMBED_SWIFT_STANDARD_LIBRARIES = YES;
				BUNDLE_LOADER = "$(TEST_HOST)";
				CODE_SIGN_STYLE = Automatic;
				DEVELOPMENT_TEAM = 4W449U649N;
				INFOPLIST_FILE = SimpleAppTests/Info.plist;
				IPHONEOS_DEPLOYMENT_TARGET = 14.0;
				LD_RUNPATH_SEARCH_PATHS = (
					"$(inherited)",
					"@executable_path/Frameworks",
					"@loader_path/Frameworks",
				);
				PRODUCT_BUNDLE_IDENTIFIER = com.eleanorpeng.SimpleAppTests;
				PRODUCT_NAME = "$(TARGET_NAME)";
				SWIFT_VERSION = 5.0;
				TARGETED_DEVICE_FAMILY = "1,2";
				TEST_HOST = "$(BUILT_PRODUCTS_DIR)/SimpleApp.app/SimpleApp";
			};
			name = Debug;
		};
		2075513525143DDD0072109C /* Release */ = {
			isa = XCBuildConfiguration;
			buildSettings = {
				ALWAYS_EMBED_SWIFT_STANDARD_LIBRARIES = YES;
				BUNDLE_LOADER = "$(TEST_HOST)";
				CODE_SIGN_STYLE = Automatic;
				DEVELOPMENT_TEAM = 4W449U649N;
				INFOPLIST_FILE = SimpleAppTests/Info.plist;
				IPHONEOS_DEPLOYMENT_TARGET = 14.0;
				LD_RUNPATH_SEARCH_PATHS = (
					"$(inherited)",
					"@executable_path/Frameworks",
					"@loader_path/Frameworks",
				);
				PRODUCT_BUNDLE_IDENTIFIER = com.eleanorpeng.SimpleAppTests;
				PRODUCT_NAME = "$(TARGET_NAME)";
				SWIFT_VERSION = 5.0;
				TARGETED_DEVICE_FAMILY = "1,2";
				TEST_HOST = "$(BUILT_PRODUCTS_DIR)/SimpleApp.app/SimpleApp";
			};
			name = Release;
		};
		2075513725143DDD0072109C /* Debug */ = {
			isa = XCBuildConfiguration;
			buildSettings = {
				ALWAYS_EMBED_SWIFT_STANDARD_LIBRARIES = YES;
				CODE_SIGN_STYLE = Automatic;
				DEVELOPMENT_TEAM = 4W449U649N;
				INFOPLIST_FILE = SimpleAppUITests/Info.plist;
				LD_RUNPATH_SEARCH_PATHS = (
					"$(inherited)",
					"@executable_path/Frameworks",
					"@loader_path/Frameworks",
				);
				PRODUCT_BUNDLE_IDENTIFIER = com.eleanorpeng.SimpleAppUITests;
				PRODUCT_NAME = "$(TARGET_NAME)";
				SWIFT_VERSION = 5.0;
				TARGETED_DEVICE_FAMILY = "1,2";
				TEST_TARGET_NAME = SimpleApp;
			};
			name = Debug;
		};
		2075513825143DDD0072109C /* Release */ = {
			isa = XCBuildConfiguration;
			buildSettings = {
				ALWAYS_EMBED_SWIFT_STANDARD_LIBRARIES = YES;
				CODE_SIGN_STYLE = Automatic;
				DEVELOPMENT_TEAM = 4W449U649N;
				INFOPLIST_FILE = SimpleAppUITests/Info.plist;
				LD_RUNPATH_SEARCH_PATHS = (
					"$(inherited)",
					"@executable_path/Frameworks",
					"@loader_path/Frameworks",
				);
				PRODUCT_BUNDLE_IDENTIFIER = com.eleanorpeng.SimpleAppUITests;
				PRODUCT_NAME = "$(TARGET_NAME)";
				SWIFT_VERSION = 5.0;
				TARGETED_DEVICE_FAMILY = "1,2";
				TEST_TARGET_NAME = SimpleApp;
			};
			name = Release;
		};
/* End XCBuildConfiguration section */

/* Begin XCConfigurationList section */
		2075510125143DDA0072109C /* Build configuration list for PBXProject "SimpleApp" */ = {
			isa = XCConfigurationList;
			buildConfigurations = (
				2075512E25143DDD0072109C /* Debug */,
				2075512F25143DDD0072109C /* Release */,
			);
			defaultConfigurationIsVisible = 0;
			defaultConfigurationName = Release;
		};
		2075513025143DDD0072109C /* Build configuration list for PBXNativeTarget "SimpleApp" */ = {
			isa = XCConfigurationList;
			buildConfigurations = (
				2075513125143DDD0072109C /* Debug */,
				2075513225143DDD0072109C /* Release */,
			);
			defaultConfigurationIsVisible = 0;
			defaultConfigurationName = Release;
		};
		2075513325143DDD0072109C /* Build configuration list for PBXNativeTarget "SimpleAppTests" */ = {
			isa = XCConfigurationList;
			buildConfigurations = (
				2075513425143DDD0072109C /* Debug */,
				2075513525143DDD0072109C /* Release */,
			);
			defaultConfigurationIsVisible = 0;
			defaultConfigurationName = Release;
		};
		2075513625143DDD0072109C /* Build configuration list for PBXNativeTarget "SimpleAppUITests" */ = {
			isa = XCConfigurationList;
			buildConfigurations = (
				2075513725143DDD0072109C /* Debug */,
				2075513825143DDD0072109C /* Release */,
			);
			defaultConfigurationIsVisible = 0;
			defaultConfigurationName = Release;
		};
/* End XCConfigurationList section */
	};
	rootObject = 207550FE25143DDA0072109C /* Project object */;
}
